
Microsoft Visual Studio Solution File, Format Version 12.00
# Visual Studio Version 17
VisualStudioVersion = 17.12.35707.178
MinimumVisualStudioVersion = 10.0.40219.1
Project("{FAE04EC0-301F-11D3-BF4B-00C04F79EFBC}") = "Routya.Core", "Routya.Core.csproj", "{336CA9AF-A3B1-4340-A3D2-BE88E14E64AE}"
EndProject
Project("{FAE04EC0-301F-11D3-BF4B-00C04F79EFBC}") = "Routya.Demo", "..\Routya.Demo\Routya.Demo.csproj", "{C64CD03A-F6AA-4EB2-A3D7-474B9360EA32}"
EndProject
Project("{FAE04EC0-301F-11D3-BF4B-00C04F79EFBC}") = "Routya.Benchmark", "..\Routya.Benchmark\Routya.Benchmark.csproj", "{D84638B5-4408-4D38-A5C3-8D70A59EE12F}"
EndProject
Project("{FAE04EC0-301F-11D3-BF4B-00C04F79EFBC}") = "Routya.Notification.Demo", "..\Routya.Notification.Demo\Routya.Notification.Demo.csproj", "{F2837FD4-F8D0-4EF6-B5EE-462DBC6F8B3C}"
EndProject
Project("{FAE04EC0-301F-11D3-BF4B-00C04F79EFBC}") = "Routya.Notification.Benchmark", "..\Routya.Notification.Benchmark\Routya.Notification.Benchmark.csproj", "{E7837A71-7D47-439C-96B1-E2A1E936A896}"
EndProject
Project("{FAE04EC0-301F-11D3-BF4B-00C04F79EFBC}") = "Routya.Test", "..\Routya.Test\Routya.Test.csproj", "{3EBDA2C7-F81F-4238-A3C5-FFA8FECF2043}"
EndProject
Global
	GlobalSection(SolutionConfigurationPlatforms) = preSolution
		Debug|Any CPU = Debug|Any CPU
		Release|Any CPU = Release|Any CPU
	EndGlobalSection
	GlobalSection(ProjectConfigurationPlatforms) = postSolution
		{336CA9AF-A3B1-4340-A3D2-BE88E14E64AE}.Debug|Any CPU.ActiveCfg = Debug|Any CPU
		{336CA9AF-A3B1-4340-A3D2-BE88E14E64AE}.Debug|Any CPU.Build.0 = Debug|Any CPU
		{336CA9AF-A3B1-4340-A3D2-BE88E14E64AE}.Release|Any CPU.ActiveCfg = Release|Any CPU
		{336CA9AF-A3B1-4340-A3D2-BE88E14E64AE}.Release|Any CPU.Build.0 = Release|Any CPU
		{C64CD03A-F6AA-4EB2-A3D7-474B9360EA32}.Debug|Any CPU.ActiveCfg = Debug|Any CPU
		{C64CD03A-F6AA-4EB2-A3D7-474B9360EA32}.Debug|Any CPU.Build.0 = Debug|Any CPU
		{C64CD03A-F6AA-4EB2-A3D7-474B9360EA32}.Release|Any CPU.ActiveCfg = Release|Any CPU
		{C64CD03A-F6AA-4EB2-A3D7-474B9360EA32}.Release|Any CPU.Build.0 = Release|Any CPU
		{D84638B5-4408-4D38-A5C3-8D70A59EE12F}.Debug|Any CPU.ActiveCfg = Debug|Any CPU
		{D84638B5-4408-4D38-A5C3-8D70A59EE12F}.Debug|Any CPU.Build.0 = Debug|Any CPU
		{D84638B5-4408-4D38-A5C3-8D70A59EE12F}.Release|Any CPU.ActiveCfg = Release|Any CPU
		{D84638B5-4408-4D38-A5C3-8D70A59EE12F}.Release|Any CPU.Build.0 = Release|Any CPU
		{F2837FD4-F8D0-4EF6-B5EE-462DBC6F8B3C}.Debug|Any CPU.ActiveCfg = Debug|Any CPU
		{F2837FD4-F8D0-4EF6-B5EE-462DBC6F8B3C}.Debug|Any CPU.Build.0 = Debug|Any CPU
		{F2837FD4-F8D0-4EF6-B5EE-462DBC6F8B3C}.Release|Any CPU.ActiveCfg = Release|Any CPU
		{F2837FD4-F8D0-4EF6-B5EE-462DBC6F8B3C}.Release|Any CPU.Build.0 = Release|Any CPU
		{E7837A71-7D47-439C-96B1-E2A1E936A896}.Debug|Any CPU.ActiveCfg = Debug|Any CPU
		{E7837A71-7D47-439C-96B1-E2A1E936A896}.Debug|Any CPU.Build.0 = Debug|Any CPU
		{E7837A71-7D47-439C-96B1-E2A1E936A896}.Release|Any CPU.ActiveCfg = Release|Any CPU
		{E7837A71-7D47-439C-96B1-E2A1E936A896}.Release|Any CPU.Build.0 = Release|Any CPU
		{3EBDA2C7-F81F-4238-A3C5-FFA8FECF2043}.Debug|Any CPU.ActiveCfg = Debug|Any CPU
		{3EBDA2C7-F81F-4238-A3C5-FFA8FECF2043}.Debug|Any CPU.Build.0 = Debug|Any CPU
		{3EBDA2C7-F81F-4238-A3C5-FFA8FECF2043}.Release|Any CPU.ActiveCfg = Release|Any CPU
		{3EBDA2C7-F81F-4238-A3C5-FFA8FECF2043}.Release|Any CPU.Build.0 = Release|Any CPU
	EndGlobalSection
	GlobalSection(SolutionProperties) = preSolution
		HideSolutionNode = FALSE
	EndGlobalSection
EndGlobal
